// !$*UTF8*$!
{
	archiveVersion = 1;
	classes = {
	};
	objectVersion = 55;
	objects = {

/* Begin PBXBuildFile section */
		340E968C2808323D008A1F9B /* ConversationsListViewController + UITextFieldDelegate.swift in Sources */ = {isa = PBXBuildFile; fileRef = 340E968B2808323D008A1F9B /* ConversationsListViewController + UITextFieldDelegate.swift */; };
		340E968E28083331008A1F9B /* ConversationsListViewController + NSFetchedResultsControllerDelegate.swift in Sources */ = {isa = PBXBuildFile; fileRef = 340E968D28083331008A1F9B /* ConversationsListViewController + NSFetchedResultsControllerDelegate.swift */; };
		340E969028086752008A1F9B /* ConversationViewController + NSFetchedResultsControllerDelegate.swift in Sources */ = {isa = PBXBuildFile; fileRef = 340E968F28086752008A1F9B /* ConversationViewController + NSFetchedResultsControllerDelegate.swift */; };
		340E96932808685E008A1F9B /* KeyboardInfo.swift in Sources */ = {isa = PBXBuildFile; fileRef = 340E96922808685E008A1F9B /* KeyboardInfo.swift */; };
		340E9695280868AD008A1F9B /* ConversationViewController + UITableViewExtensions.swift in Sources */ = {isa = PBXBuildFile; fileRef = 340E9694280868AD008A1F9B /* ConversationViewController + UITableViewExtensions.swift */; };
		340E9697280868DC008A1F9B /* ConversationViewController + SendMessageMethods.swift in Sources */ = {isa = PBXBuildFile; fileRef = 340E9696280868DC008A1F9B /* ConversationViewController + SendMessageMethods.swift */; };
		34108283281DB3E6008BD1D4 /* PhotoSelectionViewController + UICollectionViewExtensions.swift in Sources */ = {isa = PBXBuildFile; fileRef = 34108282281DB3E6008BD1D4 /* PhotoSelectionViewController + UICollectionViewExtensions.swift */; };
		34157F38281120670022EB2F /* ThemeManager.swift in Sources */ = {isa = PBXBuildFile; fileRef = 34157F37281120670022EB2F /* ThemeManager.swift */; };
		34157F3A28114B5D0022EB2F /* Themes.swift in Sources */ = {isa = PBXBuildFile; fileRef = 34157F3928114B5C0022EB2F /* Themes.swift */; };
		34157F3C28114B8B0022EB2F /* ThemeSettings.swift in Sources */ = {isa = PBXBuildFile; fileRef = 34157F3B28114B8B0022EB2F /* ThemeSettings.swift */; };
		34187FEE2830E40700650377 /* CoreDataServiceForChannelsTests.swift in Sources */ = {isa = PBXBuildFile; fileRef = 34187FED2830E40700650377 /* CoreDataServiceForChannelsTests.swift */; };
		34187FF82830E48900650377 /* CoreDataServiceAssembly.swift in Sources */ = {isa = PBXBuildFile; fileRef = 34187FF72830E48900650377 /* CoreDataServiceAssembly.swift */; };
		34187FFB2830E59100650377 /* CoreDataStackMock.swift in Sources */ = {isa = PBXBuildFile; fileRef = 34187FFA2830E59100650377 /* CoreDataStackMock.swift */; };
		3427ACD227D478DF0062F749 /* ConversationsListViewController.swift in Sources */ = {isa = PBXBuildFile; fileRef = 3427ACD127D478DF0062F749 /* ConversationsListViewController.swift */; };
		3427ACD927D47ED40062F749 /* Channel.swift in Sources */ = {isa = PBXBuildFile; fileRef = 3427ACD827D47ED40062F749 /* Channel.swift */; };
		3427ACDD27D48A980062F749 /* ConversationTableViewCell.swift in Sources */ = {isa = PBXBuildFile; fileRef = 3427ACDC27D48A980062F749 /* ConversationTableViewCell.swift */; };
		3427ACDF27D48AAD0062F749 /* ConversationTableViewCell.xib in Resources */ = {isa = PBXBuildFile; fileRef = 3427ACDE27D48AAD0062F749 /* ConversationTableViewCell.xib */; };
		3427ACE627D610970062F749 /* User.swift in Sources */ = {isa = PBXBuildFile; fileRef = 3427ACE527D610970062F749 /* User.swift */; };
		3427ACE827D61EBA0062F749 /* ConversationViewController.swift in Sources */ = {isa = PBXBuildFile; fileRef = 3427ACE727D61EBA0062F749 /* ConversationViewController.swift */; };
		3427ACEE27D88CA80062F749 /* ChatMessageCell.swift in Sources */ = {isa = PBXBuildFile; fileRef = 3427ACED27D88CA80062F749 /* ChatMessageCell.swift */; };
		3427ACF027D88FDE0062F749 /* Message.swift in Sources */ = {isa = PBXBuildFile; fileRef = 3427ACEF27D88FDE0062F749 /* Message.swift */; };
		3427ACFA27D94D000062F749 /* EnterMessageView.xib in Resources */ = {isa = PBXBuildFile; fileRef = 3427ACF927D94D000062F749 /* EnterMessageView.xib */; };
		3427ACFC27D9C2B10062F749 /* EnterMessageView.swift in Sources */ = {isa = PBXBuildFile; fileRef = 3427ACFB27D9C2B10062F749 /* EnterMessageView.swift */; };
		342CCCCB281676A30099B067 /* ProfileView.swift in Sources */ = {isa = PBXBuildFile; fileRef = 342CCCCA281676A30099B067 /* ProfileView.swift */; };
		342CCCD12816A2110099B067 /* ConversationsListView.swift in Sources */ = {isa = PBXBuildFile; fileRef = 342CCCD02816A2110099B067 /* ConversationsListView.swift */; };
		342CCCD32816B3590099B067 /* FileNames.swift in Sources */ = {isa = PBXBuildFile; fileRef = 342CCCD22816B3590099B067 /* FileNames.swift */; };
		342CCCD72816BE1B0099B067 /* ConversationView.swift in Sources */ = {isa = PBXBuildFile; fileRef = 342CCCD62816BE1B0099B067 /* ConversationView.swift */; };
		342D524F27E3B1730075C42B /* Themes.storyboard in Resources */ = {isa = PBXBuildFile; fileRef = 342D524E27E3B1730075C42B /* Themes.storyboard */; };
		342D525127E3B21C0075C42B /* ThemesViewController.swift in Sources */ = {isa = PBXBuildFile; fileRef = 342D525027E3B21C0075C42B /* ThemesViewController.swift */; };
		34449AE527FEA41F002763CD /* Logger.swift in Sources */ = {isa = PBXBuildFile; fileRef = 34449AE427FEA41F002763CD /* Logger.swift */; };
		34449AE727FEFBDC002763CD /* StringConvertableProtocol.swift in Sources */ = {isa = PBXBuildFile; fileRef = 34449AE627FEFBDB002763CD /* StringConvertableProtocol.swift */; };
		34449AEB28000C9D002763CD /* NSManagedObject + Extension.swift in Sources */ = {isa = PBXBuildFile; fileRef = 34449AEA28000C9D002763CD /* NSManagedObject + Extension.swift */; };
		3460337527EB6A0F00962579 /* GCDMemoryManager.swift in Sources */ = {isa = PBXBuildFile; fileRef = 3460337427EB6A0F00962579 /* GCDMemoryManager.swift */; };
		3460337B27EC14BF00962579 /* ApplicationPreferences.swift in Sources */ = {isa = PBXBuildFile; fileRef = 3460337A27EC14BF00962579 /* ApplicationPreferences.swift */; };
		3460337E27EC225A00962579 /* WorkingWithMemoryError.swift in Sources */ = {isa = PBXBuildFile; fileRef = 3460337D27EC225A00962579 /* WorkingWithMemoryError.swift */; };
		3460338027EC22E500962579 /* Writer.swift in Sources */ = {isa = PBXBuildFile; fileRef = 3460337F27EC22E500962579 /* Writer.swift */; };
		3460338227EC231100962579 /* Reader.swift in Sources */ = {isa = PBXBuildFile; fileRef = 3460338127EC231100962579 /* Reader.swift */; };
		34630D4F2817550F00210249 /* GCDMemoryManagerInterface.swift in Sources */ = {isa = PBXBuildFile; fileRef = 34630D4E2817550F00210249 /* GCDMemoryManagerInterface.swift */; };
		34630D5128175E0100210249 /* CoreDataServiceForChannels.swift in Sources */ = {isa = PBXBuildFile; fileRef = 34630D5028175E0100210249 /* CoreDataServiceForChannels.swift */; };
		34630D5328175E2300210249 /* CoreDataServiceForMessages.swift in Sources */ = {isa = PBXBuildFile; fileRef = 34630D5228175E2300210249 /* CoreDataServiceForMessages.swift */; };
		34630D582817714200210249 /* FirebaseChannelsService.swift in Sources */ = {isa = PBXBuildFile; fileRef = 34630D572817714200210249 /* FirebaseChannelsService.swift */; };
		34630D5A28177A3400210249 /* FirebaseMessagesService.swift in Sources */ = {isa = PBXBuildFile; fileRef = 34630D5928177A3400210249 /* FirebaseMessagesService.swift */; };
		34630D5C281786CB00210249 /* SavingService.swift in Sources */ = {isa = PBXBuildFile; fileRef = 34630D5B281786CB00210249 /* SavingService.swift */; };
		346A55D22817193300349718 /* ThemesView.swift in Sources */ = {isa = PBXBuildFile; fileRef = 346A55D12817193300349718 /* ThemesView.swift */; };
		3475454A281FA291003BD875 /* UIView + ShakingAnimation.swift in Sources */ = {isa = PBXBuildFile; fileRef = 34754549281FA291003BD875 /* UIView + ShakingAnimation.swift */; };
		3475454D281FA8B7003BD875 /* BrandParticleAnimation.swift in Sources */ = {isa = PBXBuildFile; fileRef = 3475454C281FA8B7003BD875 /* BrandParticleAnimation.swift */; };
		3475454F281FE45D003BD875 /* ConversationViewController + UIGestureRecognizerDelegate.swift in Sources */ = {isa = PBXBuildFile; fileRef = 3475454E281FE45D003BD875 /* ConversationViewController + UIGestureRecognizerDelegate.swift */; };
		34754551281FF231003BD875 /* ThemesViewController + UIGestureRecognizerDelegate.swift in Sources */ = {isa = PBXBuildFile; fileRef = 34754550281FF231003BD875 /* ThemesViewController + UIGestureRecognizerDelegate.swift */; };
		3475455E282199D2003BD875 /* ConversationsListViewController + UINavigationControllerDelegate.swift in Sources */ = {isa = PBXBuildFile; fileRef = 3475455D282199D2003BD875 /* ConversationsListViewController + UINavigationControllerDelegate.swift */; };
		3475456028219A7C003BD875 /* CustomSlideTransitionViewController.swift in Sources */ = {isa = PBXBuildFile; fileRef = 3475455F28219A7C003BD875 /* CustomSlideTransitionViewController.swift */; };
		34754564282297FB003BD875 /* CircleTransitionViewController.swift in Sources */ = {isa = PBXBuildFile; fileRef = 34754563282297FB003BD875 /* CircleTransitionViewController.swift */; };
		34AC59FA281A6EAB00793BF2 /* PhotoSelectionViewController.swift in Sources */ = {isa = PBXBuildFile; fileRef = 34AC59F9281A6EAB00793BF2 /* PhotoSelectionViewController.swift */; };
		34AC59FC281A6EBC00793BF2 /* PhotoSelectionView.swift in Sources */ = {isa = PBXBuildFile; fileRef = 34AC59FB281A6EBC00793BF2 /* PhotoSelectionView.swift */; };
		34AC5A00281AA2A400793BF2 /* PhotoCell.xib in Resources */ = {isa = PBXBuildFile; fileRef = 34AC59FF281AA2A400793BF2 /* PhotoCell.xib */; };
		34AC5A02281ABB1500793BF2 /* IRequest.swift in Sources */ = {isa = PBXBuildFile; fileRef = 34AC5A01281ABB1500793BF2 /* IRequest.swift */; };
		34AC5A04281ABB4800793BF2 /* IParser.swift in Sources */ = {isa = PBXBuildFile; fileRef = 34AC5A03281ABB4800793BF2 /* IParser.swift */; };
		34AC5A06281ABBD200793BF2 /* NetworkError.swift in Sources */ = {isa = PBXBuildFile; fileRef = 34AC5A05281ABBD200793BF2 /* NetworkError.swift */; };
		34AC5A08281AC52E00793BF2 /* RequestConfig.swift in Sources */ = {isa = PBXBuildFile; fileRef = 34AC5A07281AC52E00793BF2 /* RequestConfig.swift */; };
		34AC5A0A281AC57400793BF2 /* IRequestSender.swift in Sources */ = {isa = PBXBuildFile; fileRef = 34AC5A09281AC57400793BF2 /* IRequestSender.swift */; };
		34AC5A0C281AC7D200793BF2 /* ApiImageParser.swift in Sources */ = {isa = PBXBuildFile; fileRef = 34AC5A0B281AC7D200793BF2 /* ApiImageParser.swift */; };
		34AC5A0E281AC8A700793BF2 /* RequestSender.swift in Sources */ = {isa = PBXBuildFile; fileRef = 34AC5A0D281AC8A700793BF2 /* RequestSender.swift */; };
		34AC5A33281B209400793BF2 /* URLProvider.swift in Sources */ = {isa = PBXBuildFile; fileRef = 34AC5A32281B209400793BF2 /* URLProvider.swift */; };
		34AC5A35281B243D00793BF2 /* RequestsFactory.swift in Sources */ = {isa = PBXBuildFile; fileRef = 34AC5A34281B243D00793BF2 /* RequestsFactory.swift */; };
		34AC5A37281BC1BE00793BF2 /* GetImagesRequest.swift in Sources */ = {isa = PBXBuildFile; fileRef = 34AC5A36281BC1BE00793BF2 /* GetImagesRequest.swift */; };
		34AC5A39281BFD6000793BF2 /* PhotoCell.swift in Sources */ = {isa = PBXBuildFile; fileRef = 34AC5A38281BFD6000793BF2 /* PhotoCell.swift */; };
		34AC5A3B281C49B300793BF2 /* ChatPhotoCell.swift in Sources */ = {isa = PBXBuildFile; fileRef = 34AC5A3A281C49B300793BF2 /* ChatPhotoCell.swift */; };
		34AC5A3D281C70A900793BF2 /* ChatPhotoCell.xib in Resources */ = {isa = PBXBuildFile; fileRef = 34AC5A3C281C70A900793BF2 /* ChatPhotoCell.xib */; };
		34AC5A3F281CE5CA00793BF2 /* ImageParser.swift in Sources */ = {isa = PBXBuildFile; fileRef = 34AC5A3E281CE5CA00793BF2 /* ImageParser.swift */; };
		34AC5A41281CE6BD00793BF2 /* GetImageRequest.swift in Sources */ = {isa = PBXBuildFile; fileRef = 34AC5A40281CE6BD00793BF2 /* GetImageRequest.swift */; };
		34ACCFE627C4AAEB00535096 /* AppDelegate.swift in Sources */ = {isa = PBXBuildFile; fileRef = 34ACCFE527C4AAEB00535096 /* AppDelegate.swift */; };
		34ACCFEA27C4AAEB00535096 /* ProfileViewController.swift in Sources */ = {isa = PBXBuildFile; fileRef = 34ACCFE927C4AAEB00535096 /* ProfileViewController.swift */; };
		34ACCFED27C4AAEB00535096 /* Profile.storyboard in Resources */ = {isa = PBXBuildFile; fileRef = 34ACCFEB27C4AAEB00535096 /* Profile.storyboard */; };
		34ACCFEF27C4AAEC00535096 /* Assets.xcassets in Resources */ = {isa = PBXBuildFile; fileRef = 34ACCFEE27C4AAEC00535096 /* Assets.xcassets */; };
		34ACCFF227C4AAEC00535096 /* LaunchScreen.storyboard in Resources */ = {isa = PBXBuildFile; fileRef = 34ACCFF027C4AAEC00535096 /* LaunchScreen.storyboard */; };
		34E049A927D088E9009BA6AB /* CustomNavigationBar.swift in Sources */ = {isa = PBXBuildFile; fileRef = 34E049A827D088E9009BA6AB /* CustomNavigationBar.swift */; };
		34E8779F27FC3B720018CCC7 /* Chat.xcdatamodeld in Sources */ = {isa = PBXBuildFile; fileRef = 34E8779D27FC3B720018CCC7 /* Chat.xcdatamodeld */; };
		34E877A527FC7EB40018CCC7 /* NewCoreDataService.swift in Sources */ = {isa = PBXBuildFile; fileRef = 34E877A427FC7EB40018CCC7 /* NewCoreDataService.swift */; };
		34E877A727FCB17C0018CCC7 /* CoreDataServiceProtocol.swift in Sources */ = {isa = PBXBuildFile; fileRef = 34E877A627FCB17C0018CCC7 /* CoreDataServiceProtocol.swift */; };
		34EA6E38283108AE006F664A /* UserSavingServiceTests.swift in Sources */ = {isa = PBXBuildFile; fileRef = 34EA6E37283108AE006F664A /* UserSavingServiceTests.swift */; };
		34EA6E3A283115CE006F664A /* GCDMemoryManagerInterfaceMock.swift in Sources */ = {isa = PBXBuildFile; fileRef = 34EA6E39283115CE006F664A /* GCDMemoryManagerInterfaceMock.swift */; };
		34EA6E3C28312591006F664A /* SavingServiceAssembly.swift in Sources */ = {isa = PBXBuildFile; fileRef = 34EA6E3B28312590006F664A /* SavingServiceAssembly.swift */; };
		34EA6E3E28314DB1006F664A /* SavingServiceProtocol.swift in Sources */ = {isa = PBXBuildFile; fileRef = 34EA6E3D28314DB1006F664A /* SavingServiceProtocol.swift */; };
		34EA6E46283213DE006F664A /* ChatAppProfileUITests.swift in Sources */ = {isa = PBXBuildFile; fileRef = 34EA6E45283213DE006F664A /* ChatAppProfileUITests.swift */; };
		34EE98712822ADCC000A3208 /* ConversationsListViewController + UIViewControllerTransitioningDelegate.swift in Sources */ = {isa = PBXBuildFile; fileRef = 34EE98702822ADCC000A3208 /* ConversationsListViewController + UIViewControllerTransitioningDelegate.swift */; };
		34EE98732822C0E4000A3208 /* CircleInteractiveTransition.swift in Sources */ = {isa = PBXBuildFile; fileRef = 34EE98722822C0E4000A3208 /* CircleInteractiveTransition.swift */; };
		34F449B327F4388200CC4922 /* GoogleService-Info.plist in Resources */ = {isa = PBXBuildFile; fileRef = 34F449B227F4388200CC4922 /* GoogleService-Info.plist */; };
		34F449B627F5F45600CC4922 /* ProfileViewController + ImageExtensions.swift in Sources */ = {isa = PBXBuildFile; fileRef = 34F449B527F5F45600CC4922 /* ProfileViewController + ImageExtensions.swift */; };
		34F449B827F5F5A300CC4922 /* ProfileViewController + UITextExtensions.swift in Sources */ = {isa = PBXBuildFile; fileRef = 34F449B727F5F5A300CC4922 /* ProfileViewController + UITextExtensions.swift */; };
		34F449BD27F5F77A00CC4922 /* ConversationsListViewController + UITableViewExtensions.swift in Sources */ = {isa = PBXBuildFile; fileRef = 34F449BC27F5F77A00CC4922 /* ConversationsListViewController + UITableViewExtensions.swift */; };
		34F449C127F5F80100CC4922 /* UIImage + Extensions.swift in Sources */ = {isa = PBXBuildFile; fileRef = 34F449C027F5F80100CC4922 /* UIImage + Extensions.swift */; };
		34FC31F827EE2C3400A1D137 /* URL+Extensions.swift in Sources */ = {isa = PBXBuildFile; fileRef = 34FC31F727EE2C3400A1D137 /* URL+Extensions.swift */; };
		34FC31FA27EEDBE100A1D137 /* MemoryManagerInterfaceProtocol.swift in Sources */ = {isa = PBXBuildFile; fileRef = 34FC31F927EEDBE100A1D137 /* MemoryManagerInterfaceProtocol.swift */; };
		F7577FDA4F796502E2ADD2EF /* Pods_ChatApp.framework in Frameworks */ = {isa = PBXBuildFile; fileRef = 8B031F3F471B7018090796D2 /* Pods_ChatApp.framework */; };
/* End PBXBuildFile section */

/* Begin PBXContainerItemProxy section */
		34187FEF2830E40700650377 /* PBXContainerItemProxy */ = {
			isa = PBXContainerItemProxy;
			containerPortal = 34ACCFDA27C4AAEA00535096 /* Project object */;
			proxyType = 1;
			remoteGlobalIDString = 34ACCFE127C4AAEA00535096;
			remoteInfo = ChatApp;
		};
		34EA6E49283213DE006F664A /* PBXContainerItemProxy */ = {
			isa = PBXContainerItemProxy;
			containerPortal = 34ACCFDA27C4AAEA00535096 /* Project object */;
			proxyType = 1;
			remoteGlobalIDString = 34ACCFE127C4AAEA00535096;
			remoteInfo = ChatApp;
		};
/* End PBXContainerItemProxy section */

/* Begin PBXFileReference section */
		2652A65FEBBB38E600F11A91 /* Pods-ChatApp.debug.xcconfig */ = {isa = PBXFileReference; includeInIndex = 1; lastKnownFileType = text.xcconfig; name = "Pods-ChatApp.debug.xcconfig"; path = "Target Support Files/Pods-ChatApp/Pods-ChatApp.debug.xcconfig"; sourceTree = "<group>"; };
		340E968B2808323D008A1F9B /* ConversationsListViewController + UITextFieldDelegate.swift */ = {isa = PBXFileReference; lastKnownFileType = sourcecode.swift; path = "ConversationsListViewController + UITextFieldDelegate.swift"; sourceTree = "<group>"; };
		340E968D28083331008A1F9B /* ConversationsListViewController + NSFetchedResultsControllerDelegate.swift */ = {isa = PBXFileReference; lastKnownFileType = sourcecode.swift; path = "ConversationsListViewController + NSFetchedResultsControllerDelegate.swift"; sourceTree = "<group>"; };
		340E968F28086752008A1F9B /* ConversationViewController + NSFetchedResultsControllerDelegate.swift */ = {isa = PBXFileReference; lastKnownFileType = sourcecode.swift; path = "ConversationViewController + NSFetchedResultsControllerDelegate.swift"; sourceTree = "<group>"; };
		340E96922808685E008A1F9B /* KeyboardInfo.swift */ = {isa = PBXFileReference; lastKnownFileType = sourcecode.swift; path = KeyboardInfo.swift; sourceTree = "<group>"; };
		340E9694280868AD008A1F9B /* ConversationViewController + UITableViewExtensions.swift */ = {isa = PBXFileReference; lastKnownFileType = sourcecode.swift; path = "ConversationViewController + UITableViewExtensions.swift"; sourceTree = "<group>"; };
		340E9696280868DC008A1F9B /* ConversationViewController + SendMessageMethods.swift */ = {isa = PBXFileReference; lastKnownFileType = sourcecode.swift; path = "ConversationViewController + SendMessageMethods.swift"; sourceTree = "<group>"; };
		34108282281DB3E6008BD1D4 /* PhotoSelectionViewController + UICollectionViewExtensions.swift */ = {isa = PBXFileReference; lastKnownFileType = sourcecode.swift; path = "PhotoSelectionViewController + UICollectionViewExtensions.swift"; sourceTree = "<group>"; };
		34157F37281120670022EB2F /* ThemeManager.swift */ = {isa = PBXFileReference; lastKnownFileType = sourcecode.swift; path = ThemeManager.swift; sourceTree = "<group>"; };
		34157F3928114B5C0022EB2F /* Themes.swift */ = {isa = PBXFileReference; lastKnownFileType = sourcecode.swift; path = Themes.swift; sourceTree = "<group>"; };
		34157F3B28114B8B0022EB2F /* ThemeSettings.swift */ = {isa = PBXFileReference; lastKnownFileType = sourcecode.swift; path = ThemeSettings.swift; sourceTree = "<group>"; };
		34159E71283283AD00A5B707 /* AllTests.xctestplan */ = {isa = PBXFileReference; lastKnownFileType = text; path = AllTests.xctestplan; sourceTree = "<group>"; };
		34187FEB2830E40700650377 /* ChatAppUnitTests.xctest */ = {isa = PBXFileReference; explicitFileType = wrapper.cfbundle; includeInIndex = 0; path = ChatAppUnitTests.xctest; sourceTree = BUILT_PRODUCTS_DIR; };
		34187FED2830E40700650377 /* CoreDataServiceForChannelsTests.swift */ = {isa = PBXFileReference; lastKnownFileType = sourcecode.swift; path = CoreDataServiceForChannelsTests.swift; sourceTree = "<group>"; };
		34187FF72830E48900650377 /* CoreDataServiceAssembly.swift */ = {isa = PBXFileReference; lastKnownFileType = sourcecode.swift; path = CoreDataServiceAssembly.swift; sourceTree = "<group>"; };
		34187FFA2830E59100650377 /* CoreDataStackMock.swift */ = {isa = PBXFileReference; lastKnownFileType = sourcecode.swift; path = CoreDataStackMock.swift; sourceTree = "<group>"; };
		34254A5028326FD200AC18B9 /* UnitTests.xctestplan */ = {isa = PBXFileReference; lastKnownFileType = text; path = UnitTests.xctestplan; sourceTree = "<group>"; };
		34254A5128326FE100AC18B9 /* UITests.xctestplan */ = {isa = PBXFileReference; lastKnownFileType = text; path = UITests.xctestplan; sourceTree = "<group>"; };
		3427ACD127D478DF0062F749 /* ConversationsListViewController.swift */ = {isa = PBXFileReference; lastKnownFileType = sourcecode.swift; path = ConversationsListViewController.swift; sourceTree = "<group>"; };
		3427ACD827D47ED40062F749 /* Channel.swift */ = {isa = PBXFileReference; lastKnownFileType = sourcecode.swift; path = Channel.swift; sourceTree = "<group>"; };
		3427ACDC27D48A980062F749 /* ConversationTableViewCell.swift */ = {isa = PBXFileReference; lastKnownFileType = sourcecode.swift; path = ConversationTableViewCell.swift; sourceTree = "<group>"; };
		3427ACDE27D48AAD0062F749 /* ConversationTableViewCell.xib */ = {isa = PBXFileReference; lastKnownFileType = file.xib; path = ConversationTableViewCell.xib; sourceTree = "<group>"; };
		3427ACE527D610970062F749 /* User.swift */ = {isa = PBXFileReference; lastKnownFileType = sourcecode.swift; path = User.swift; sourceTree = "<group>"; };
		3427ACE727D61EBA0062F749 /* ConversationViewController.swift */ = {isa = PBXFileReference; lastKnownFileType = sourcecode.swift; path = ConversationViewController.swift; sourceTree = "<group>"; };
		3427ACED27D88CA80062F749 /* ChatMessageCell.swift */ = {isa = PBXFileReference; lastKnownFileType = sourcecode.swift; path = ChatMessageCell.swift; sourceTree = "<group>"; };
		3427ACEF27D88FDE0062F749 /* Message.swift */ = {isa = PBXFileReference; lastKnownFileType = sourcecode.swift; path = Message.swift; sourceTree = "<group>"; };
		3427ACF927D94D000062F749 /* EnterMessageView.xib */ = {isa = PBXFileReference; lastKnownFileType = file.xib; path = EnterMessageView.xib; sourceTree = "<group>"; };
		3427ACFB27D9C2B10062F749 /* EnterMessageView.swift */ = {isa = PBXFileReference; lastKnownFileType = sourcecode.swift; path = EnterMessageView.swift; sourceTree = "<group>"; };
		342CCCCA281676A30099B067 /* ProfileView.swift */ = {isa = PBXFileReference; lastKnownFileType = sourcecode.swift; path = ProfileView.swift; sourceTree = "<group>"; };
		342CCCD02816A2110099B067 /* ConversationsListView.swift */ = {isa = PBXFileReference; lastKnownFileType = sourcecode.swift; path = ConversationsListView.swift; sourceTree = "<group>"; };
		342CCCD22816B3590099B067 /* FileNames.swift */ = {isa = PBXFileReference; lastKnownFileType = sourcecode.swift; path = FileNames.swift; sourceTree = "<group>"; };
		342CCCD62816BE1B0099B067 /* ConversationView.swift */ = {isa = PBXFileReference; lastKnownFileType = sourcecode.swift; path = ConversationView.swift; sourceTree = "<group>"; };
		342D524E27E3B1730075C42B /* Themes.storyboard */ = {isa = PBXFileReference; lastKnownFileType = file.storyboard; path = Themes.storyboard; sourceTree = "<group>"; };
		342D525027E3B21C0075C42B /* ThemesViewController.swift */ = {isa = PBXFileReference; lastKnownFileType = sourcecode.swift; path = ThemesViewController.swift; sourceTree = "<group>"; };
		34449AE427FEA41F002763CD /* Logger.swift */ = {isa = PBXFileReference; lastKnownFileType = sourcecode.swift; path = Logger.swift; sourceTree = "<group>"; };
		34449AE627FEFBDB002763CD /* StringConvertableProtocol.swift */ = {isa = PBXFileReference; lastKnownFileType = sourcecode.swift; path = StringConvertableProtocol.swift; sourceTree = "<group>"; };
		34449AEA28000C9D002763CD /* NSManagedObject + Extension.swift */ = {isa = PBXFileReference; lastKnownFileType = sourcecode.swift; path = "NSManagedObject + Extension.swift"; sourceTree = "<group>"; };
		3460337427EB6A0F00962579 /* GCDMemoryManager.swift */ = {isa = PBXFileReference; lastKnownFileType = sourcecode.swift; path = GCDMemoryManager.swift; sourceTree = "<group>"; };
		3460337A27EC14BF00962579 /* ApplicationPreferences.swift */ = {isa = PBXFileReference; lastKnownFileType = sourcecode.swift; path = ApplicationPreferences.swift; sourceTree = "<group>"; };
		3460337D27EC225A00962579 /* WorkingWithMemoryError.swift */ = {isa = PBXFileReference; lastKnownFileType = sourcecode.swift; path = WorkingWithMemoryError.swift; sourceTree = "<group>"; };
		3460337F27EC22E500962579 /* Writer.swift */ = {isa = PBXFileReference; lastKnownFileType = sourcecode.swift; path = Writer.swift; sourceTree = "<group>"; };
		3460338127EC231100962579 /* Reader.swift */ = {isa = PBXFileReference; lastKnownFileType = sourcecode.swift; path = Reader.swift; sourceTree = "<group>"; };
		34630D4E2817550F00210249 /* GCDMemoryManagerInterface.swift */ = {isa = PBXFileReference; lastKnownFileType = sourcecode.swift; path = GCDMemoryManagerInterface.swift; sourceTree = "<group>"; };
		34630D5028175E0100210249 /* CoreDataServiceForChannels.swift */ = {isa = PBXFileReference; lastKnownFileType = sourcecode.swift; path = CoreDataServiceForChannels.swift; sourceTree = "<group>"; };
		34630D5228175E2300210249 /* CoreDataServiceForMessages.swift */ = {isa = PBXFileReference; lastKnownFileType = sourcecode.swift; path = CoreDataServiceForMessages.swift; sourceTree = "<group>"; };
		34630D572817714200210249 /* FirebaseChannelsService.swift */ = {isa = PBXFileReference; lastKnownFileType = sourcecode.swift; path = FirebaseChannelsService.swift; sourceTree = "<group>"; };
		34630D5928177A3400210249 /* FirebaseMessagesService.swift */ = {isa = PBXFileReference; lastKnownFileType = sourcecode.swift; path = FirebaseMessagesService.swift; sourceTree = "<group>"; };
		34630D5B281786CB00210249 /* SavingService.swift */ = {isa = PBXFileReference; lastKnownFileType = sourcecode.swift; path = SavingService.swift; sourceTree = "<group>"; };
		346A55D12817193300349718 /* ThemesView.swift */ = {isa = PBXFileReference; lastKnownFileType = sourcecode.swift; path = ThemesView.swift; sourceTree = "<group>"; };
		3471068C2838B858001EE998 /* ChatAppConfig.xcconfig */ = {isa = PBXFileReference; lastKnownFileType = text.xcconfig; path = ChatAppConfig.xcconfig; sourceTree = "<group>"; };
		34754549281FA291003BD875 /* UIView + ShakingAnimation.swift */ = {isa = PBXFileReference; lastKnownFileType = sourcecode.swift; path = "UIView + ShakingAnimation.swift"; sourceTree = "<group>"; };
		3475454C281FA8B7003BD875 /* BrandParticleAnimation.swift */ = {isa = PBXFileReference; lastKnownFileType = sourcecode.swift; path = BrandParticleAnimation.swift; sourceTree = "<group>"; };
		3475454E281FE45D003BD875 /* ConversationViewController + UIGestureRecognizerDelegate.swift */ = {isa = PBXFileReference; lastKnownFileType = sourcecode.swift; path = "ConversationViewController + UIGestureRecognizerDelegate.swift"; sourceTree = "<group>"; };
		34754550281FF231003BD875 /* ThemesViewController + UIGestureRecognizerDelegate.swift */ = {isa = PBXFileReference; lastKnownFileType = sourcecode.swift; path = "ThemesViewController + UIGestureRecognizerDelegate.swift"; sourceTree = "<group>"; };
		3475455D282199D2003BD875 /* ConversationsListViewController + UINavigationControllerDelegate.swift */ = {isa = PBXFileReference; lastKnownFileType = sourcecode.swift; path = "ConversationsListViewController + UINavigationControllerDelegate.swift"; sourceTree = "<group>"; };
		3475455F28219A7C003BD875 /* CustomSlideTransitionViewController.swift */ = {isa = PBXFileReference; lastKnownFileType = sourcecode.swift; path = CustomSlideTransitionViewController.swift; sourceTree = "<group>"; };
		34754563282297FB003BD875 /* CircleTransitionViewController.swift */ = {isa = PBXFileReference; lastKnownFileType = sourcecode.swift; path = CircleTransitionViewController.swift; sourceTree = "<group>"; };
		34AC59F9281A6EAB00793BF2 /* PhotoSelectionViewController.swift */ = {isa = PBXFileReference; lastKnownFileType = sourcecode.swift; path = PhotoSelectionViewController.swift; sourceTree = "<group>"; };
		34AC59FB281A6EBC00793BF2 /* PhotoSelectionView.swift */ = {isa = PBXFileReference; lastKnownFileType = sourcecode.swift; path = PhotoSelectionView.swift; sourceTree = "<group>"; };
		34AC59FF281AA2A400793BF2 /* PhotoCell.xib */ = {isa = PBXFileReference; lastKnownFileType = file.xib; path = PhotoCell.xib; sourceTree = "<group>"; };
		34AC5A01281ABB1500793BF2 /* IRequest.swift */ = {isa = PBXFileReference; lastKnownFileType = sourcecode.swift; path = IRequest.swift; sourceTree = "<group>"; };
		34AC5A03281ABB4800793BF2 /* IParser.swift */ = {isa = PBXFileReference; lastKnownFileType = sourcecode.swift; path = IParser.swift; sourceTree = "<group>"; };
		34AC5A05281ABBD200793BF2 /* NetworkError.swift */ = {isa = PBXFileReference; lastKnownFileType = sourcecode.swift; path = NetworkError.swift; sourceTree = "<group>"; };
		34AC5A07281AC52E00793BF2 /* RequestConfig.swift */ = {isa = PBXFileReference; lastKnownFileType = sourcecode.swift; path = RequestConfig.swift; sourceTree = "<group>"; };
		34AC5A09281AC57400793BF2 /* IRequestSender.swift */ = {isa = PBXFileReference; lastKnownFileType = sourcecode.swift; path = IRequestSender.swift; sourceTree = "<group>"; };
		34AC5A0B281AC7D200793BF2 /* ApiImageParser.swift */ = {isa = PBXFileReference; lastKnownFileType = sourcecode.swift; path = ApiImageParser.swift; sourceTree = "<group>"; };
		34AC5A0D281AC8A700793BF2 /* RequestSender.swift */ = {isa = PBXFileReference; lastKnownFileType = sourcecode.swift; path = RequestSender.swift; sourceTree = "<group>"; };
		34AC5A32281B209400793BF2 /* URLProvider.swift */ = {isa = PBXFileReference; lastKnownFileType = sourcecode.swift; path = URLProvider.swift; sourceTree = "<group>"; };
		34AC5A34281B243D00793BF2 /* RequestsFactory.swift */ = {isa = PBXFileReference; lastKnownFileType = sourcecode.swift; path = RequestsFactory.swift; sourceTree = "<group>"; };
		34AC5A36281BC1BE00793BF2 /* GetImagesRequest.swift */ = {isa = PBXFileReference; lastKnownFileType = sourcecode.swift; path = GetImagesRequest.swift; sourceTree = "<group>"; };
		34AC5A38281BFD6000793BF2 /* PhotoCell.swift */ = {isa = PBXFileReference; lastKnownFileType = sourcecode.swift; path = PhotoCell.swift; sourceTree = "<group>"; };
		34AC5A3A281C49B300793BF2 /* ChatPhotoCell.swift */ = {isa = PBXFileReference; lastKnownFileType = sourcecode.swift; path = ChatPhotoCell.swift; sourceTree = "<group>"; };
		34AC5A3C281C70A900793BF2 /* ChatPhotoCell.xib */ = {isa = PBXFileReference; lastKnownFileType = file.xib; path = ChatPhotoCell.xib; sourceTree = "<group>"; };
		34AC5A3E281CE5CA00793BF2 /* ImageParser.swift */ = {isa = PBXFileReference; lastKnownFileType = sourcecode.swift; path = ImageParser.swift; sourceTree = "<group>"; };
		34AC5A40281CE6BD00793BF2 /* GetImageRequest.swift */ = {isa = PBXFileReference; lastKnownFileType = sourcecode.swift; path = GetImageRequest.swift; sourceTree = "<group>"; };
		34ACCFE227C4AAEB00535096 /* ChatApp.app */ = {isa = PBXFileReference; explicitFileType = wrapper.application; includeInIndex = 0; path = ChatApp.app; sourceTree = BUILT_PRODUCTS_DIR; };
		34ACCFE527C4AAEB00535096 /* AppDelegate.swift */ = {isa = PBXFileReference; lastKnownFileType = sourcecode.swift; path = AppDelegate.swift; sourceTree = "<group>"; };
		34ACCFE927C4AAEB00535096 /* ProfileViewController.swift */ = {isa = PBXFileReference; lastKnownFileType = sourcecode.swift; path = ProfileViewController.swift; sourceTree = "<group>"; };
		34ACCFEC27C4AAEB00535096 /* Base */ = {isa = PBXFileReference; lastKnownFileType = file.storyboard; name = Base; path = Base.lproj/Profile.storyboard; sourceTree = "<group>"; };
		34ACCFEE27C4AAEC00535096 /* Assets.xcassets */ = {isa = PBXFileReference; lastKnownFileType = folder.assetcatalog; path = Assets.xcassets; sourceTree = "<group>"; };
		34ACCFF127C4AAEC00535096 /* Base */ = {isa = PBXFileReference; lastKnownFileType = file.storyboard; name = Base; path = Base.lproj/LaunchScreen.storyboard; sourceTree = "<group>"; };
		34ACCFF327C4AAEC00535096 /* Info.plist */ = {isa = PBXFileReference; lastKnownFileType = text.plist.xml; path = Info.plist; sourceTree = "<group>"; };
		34E049A827D088E9009BA6AB /* CustomNavigationBar.swift */ = {isa = PBXFileReference; lastKnownFileType = sourcecode.swift; path = CustomNavigationBar.swift; sourceTree = "<group>"; };
		34E8779E27FC3B720018CCC7 /* Chat.xcdatamodel */ = {isa = PBXFileReference; lastKnownFileType = wrapper.xcdatamodel; path = Chat.xcdatamodel; sourceTree = "<group>"; };
		34E877A427FC7EB40018CCC7 /* NewCoreDataService.swift */ = {isa = PBXFileReference; lastKnownFileType = sourcecode.swift; path = NewCoreDataService.swift; sourceTree = "<group>"; };
		34E877A627FCB17C0018CCC7 /* CoreDataServiceProtocol.swift */ = {isa = PBXFileReference; lastKnownFileType = sourcecode.swift; path = CoreDataServiceProtocol.swift; sourceTree = "<group>"; };
		34EA6E37283108AE006F664A /* UserSavingServiceTests.swift */ = {isa = PBXFileReference; lastKnownFileType = sourcecode.swift; path = UserSavingServiceTests.swift; sourceTree = "<group>"; };
		34EA6E39283115CE006F664A /* GCDMemoryManagerInterfaceMock.swift */ = {isa = PBXFileReference; lastKnownFileType = sourcecode.swift; path = GCDMemoryManagerInterfaceMock.swift; sourceTree = "<group>"; };
		34EA6E3B28312590006F664A /* SavingServiceAssembly.swift */ = {isa = PBXFileReference; lastKnownFileType = sourcecode.swift; path = SavingServiceAssembly.swift; sourceTree = "<group>"; };
		34EA6E3D28314DB1006F664A /* SavingServiceProtocol.swift */ = {isa = PBXFileReference; lastKnownFileType = sourcecode.swift; path = SavingServiceProtocol.swift; sourceTree = "<group>"; };
		34EA6E43283213DE006F664A /* ChatAppUITests.xctest */ = {isa = PBXFileReference; explicitFileType = wrapper.cfbundle; includeInIndex = 0; path = ChatAppUITests.xctest; sourceTree = BUILT_PRODUCTS_DIR; };
		34EA6E45283213DE006F664A /* ChatAppProfileUITests.swift */ = {isa = PBXFileReference; lastKnownFileType = sourcecode.swift; path = ChatAppProfileUITests.swift; sourceTree = "<group>"; };
		34EE98702822ADCC000A3208 /* ConversationsListViewController + UIViewControllerTransitioningDelegate.swift */ = {isa = PBXFileReference; lastKnownFileType = sourcecode.swift; path = "ConversationsListViewController + UIViewControllerTransitioningDelegate.swift"; sourceTree = "<group>"; };
		34EE98722822C0E4000A3208 /* CircleInteractiveTransition.swift */ = {isa = PBXFileReference; lastKnownFileType = sourcecode.swift; path = CircleInteractiveTransition.swift; sourceTree = "<group>"; };
		34F449B227F4388200CC4922 /* GoogleService-Info.plist */ = {isa = PBXFileReference; fileEncoding = 4; lastKnownFileType = text.plist.xml; path = "GoogleService-Info.plist"; sourceTree = "<group>"; };
		34F449B527F5F45600CC4922 /* ProfileViewController + ImageExtensions.swift */ = {isa = PBXFileReference; lastKnownFileType = sourcecode.swift; path = "ProfileViewController + ImageExtensions.swift"; sourceTree = "<group>"; };
		34F449B727F5F5A300CC4922 /* ProfileViewController + UITextExtensions.swift */ = {isa = PBXFileReference; lastKnownFileType = sourcecode.swift; path = "ProfileViewController + UITextExtensions.swift"; sourceTree = "<group>"; };
		34F449BC27F5F77A00CC4922 /* ConversationsListViewController + UITableViewExtensions.swift */ = {isa = PBXFileReference; lastKnownFileType = sourcecode.swift; path = "ConversationsListViewController + UITableViewExtensions.swift"; sourceTree = "<group>"; };
		34F449C027F5F80100CC4922 /* UIImage + Extensions.swift */ = {isa = PBXFileReference; lastKnownFileType = sourcecode.swift; path = "UIImage + Extensions.swift"; sourceTree = "<group>"; };
		34FC31F727EE2C3400A1D137 /* URL+Extensions.swift */ = {isa = PBXFileReference; lastKnownFileType = sourcecode.swift; path = "URL+Extensions.swift"; sourceTree = "<group>"; };
		34FC31F927EEDBE100A1D137 /* MemoryManagerInterfaceProtocol.swift */ = {isa = PBXFileReference; lastKnownFileType = sourcecode.swift; path = MemoryManagerInterfaceProtocol.swift; sourceTree = "<group>"; };
		81A7A8E9309DDCB6906E8932 /* Pods-ChatApp.release.xcconfig */ = {isa = PBXFileReference; includeInIndex = 1; lastKnownFileType = text.xcconfig; name = "Pods-ChatApp.release.xcconfig"; path = "Target Support Files/Pods-ChatApp/Pods-ChatApp.release.xcconfig"; sourceTree = "<group>"; };
		8B031F3F471B7018090796D2 /* Pods_ChatApp.framework */ = {isa = PBXFileReference; explicitFileType = wrapper.framework; includeInIndex = 0; path = Pods_ChatApp.framework; sourceTree = BUILT_PRODUCTS_DIR; };
/* End PBXFileReference section */

/* Begin PBXFrameworksBuildPhase section */
		34187FE82830E40700650377 /* Frameworks */ = {
			isa = PBXFrameworksBuildPhase;
			buildActionMask = 2147483647;
			files = (
			);
			runOnlyForDeploymentPostprocessing = 0;
		};
		34ACCFDF27C4AAEA00535096 /* Frameworks */ = {
			isa = PBXFrameworksBuildPhase;
			buildActionMask = 2147483647;
			files = (
				F7577FDA4F796502E2ADD2EF /* Pods_ChatApp.framework in Frameworks */,
			);
			runOnlyForDeploymentPostprocessing = 0;
		};
		34EA6E40283213DE006F664A /* Frameworks */ = {
			isa = PBXFrameworksBuildPhase;
			buildActionMask = 2147483647;
			files = (
			);
			runOnlyForDeploymentPostprocessing = 0;
		};
/* End PBXFrameworksBuildPhase section */

/* Begin PBXGroup section */
		048148419BA67DD0B2CB7746 /* Pods */ = {
			isa = PBXGroup;
			children = (
				2652A65FEBBB38E600F11A91 /* Pods-ChatApp.debug.xcconfig */,
				81A7A8E9309DDCB6906E8932 /* Pods-ChatApp.release.xcconfig */,
			);
			path = Pods;
			sourceTree = "<group>";
		};
		1EF06D359F4881ED715F3DC0 /* Frameworks */ = {
			isa = PBXGroup;
			children = (
				8B031F3F471B7018090796D2 /* Pods_ChatApp.framework */,
			);
			name = Frameworks;
			sourceTree = "<group>";
		};
		340E969128086759008A1F9B /* Conversation */ = {
			isa = PBXGroup;
			children = (
				3427ACE727D61EBA0062F749 /* ConversationViewController.swift */,
				340E9694280868AD008A1F9B /* ConversationViewController + UITableViewExtensions.swift */,
				340E968F28086752008A1F9B /* ConversationViewController + NSFetchedResultsControllerDelegate.swift */,
				340E9696280868DC008A1F9B /* ConversationViewController + SendMessageMethods.swift */,
				3475454E281FE45D003BD875 /* ConversationViewController + UIGestureRecognizerDelegate.swift */,
				340E96922808685E008A1F9B /* KeyboardInfo.swift */,
			);
			path = Conversation;
			sourceTree = "<group>";
		};
		34108281281DB395008BD1D4 /* PhotoSelection */ = {
			isa = PBXGroup;
			children = (
				34AC59F9281A6EAB00793BF2 /* PhotoSelectionViewController.swift */,
				34108282281DB3E6008BD1D4 /* PhotoSelectionViewController + UICollectionViewExtensions.swift */,
			);
			path = PhotoSelection;
			sourceTree = "<group>";
		};
		34108284281DB457008BD1D4 /* PhotoSelection */ = {
			isa = PBXGroup;
			children = (
				34AC59FB281A6EBC00793BF2 /* PhotoSelectionView.swift */,
				34AC5A38281BFD6000793BF2 /* PhotoCell.swift */,
				34AC59FF281AA2A400793BF2 /* PhotoCell.xib */,
			);
			path = PhotoSelection;
			sourceTree = "<group>";
		};
		34157F3D28114C890022EB2F /* Theme */ = {
			isa = PBXGroup;
			children = (
				34157F37281120670022EB2F /* ThemeManager.swift */,
				34157F3B28114B8B0022EB2F /* ThemeSettings.swift */,
				34157F3928114B5C0022EB2F /* Themes.swift */,
				3460337A27EC14BF00962579 /* ApplicationPreferences.swift */,
			);
			path = Theme;
			sourceTree = "<group>";
		};
		34157F3E281183A40022EB2F /* Themes */ = {
			isa = PBXGroup;
			children = (
				342D525027E3B21C0075C42B /* ThemesViewController.swift */,
				34754550281FF231003BD875 /* ThemesViewController + UIGestureRecognizerDelegate.swift */,
			);
			path = Themes;
			sourceTree = "<group>";
		};
		34187FEC2830E40700650377 /* ChatAppUnitTests */ = {
			isa = PBXGroup;
			children = (
				34187FF92830E56C00650377 /* Mocks */,
				34187FF42830E44F00650377 /* Service Layer */,
			);
			path = ChatAppUnitTests;
			sourceTree = "<group>";
		};
		34187FF42830E44F00650377 /* Service Layer */ = {
			isa = PBXGroup;
			children = (
				34187FF52830E45600650377 /* Memory */,
			);
			path = "Service Layer";
			sourceTree = "<group>";
		};
		34187FF52830E45600650377 /* Memory */ = {
			isa = PBXGroup;
			children = (
				34187FF62830E45E00650377 /* CoreData */,
				34EA6E3628310896006F664A /* GCD */,
			);
			path = Memory;
			sourceTree = "<group>";
		};
		34187FF62830E45E00650377 /* CoreData */ = {
			isa = PBXGroup;
			children = (
				34187FED2830E40700650377 /* CoreDataServiceForChannelsTests.swift */,
			);
			path = CoreData;
			sourceTree = "<group>";
		};
		34187FF92830E56C00650377 /* Mocks */ = {
			isa = PBXGroup;
			children = (
				34187FFA2830E59100650377 /* CoreDataStackMock.swift */,
				34EA6E39283115CE006F664A /* GCDMemoryManagerInterfaceMock.swift */,
			);
			path = Mocks;
			sourceTree = "<group>";
		};
		34254A4D283261A100AC18B9 /* Profile */ = {
			isa = PBXGroup;
			children = (
				34EA6E45283213DE006F664A /* ChatAppProfileUITests.swift */,
			);
			path = Profile;
			sourceTree = "<group>";
		};
		34254A4F28326F4000AC18B9 /* TestPlans */ = {
			isa = PBXGroup;
			children = (
				34254A5028326FD200AC18B9 /* UnitTests.xctestplan */,
				34254A5128326FE100AC18B9 /* UITests.xctestplan */,
				34159E71283283AD00A5B707 /* AllTests.xctestplan */,
			);
			path = TestPlans;
			sourceTree = "<group>";
		};
		3427ACD327D47DC20062F749 /* Model */ = {
			isa = PBXGroup;
			children = (
				3427ACD827D47ED40062F749 /* Channel.swift */,
				3427ACEF27D88FDE0062F749 /* Message.swift */,
				3427ACE527D610970062F749 /* User.swift */,
			);
			path = Model;
			sourceTree = "<group>";
		};
		3427ACD427D47DCE0062F749 /* View */ = {
			isa = PBXGroup;
			children = (
				3475454B281FA7E6003BD875 /* Animation */,
				342CCCCC28167ED10099B067 /* Profile */,
				342CCCCF28167F0A0099B067 /* ConversationsList */,
				342CCCCE28167F000099B067 /* Conversation */,
				342CCCCD28167EE90099B067 /* Themes */,
				34108284281DB457008BD1D4 /* PhotoSelection */,
				34ACCFF027C4AAEC00535096 /* LaunchScreen.storyboard */,
			);
			path = View;
			sourceTree = "<group>";
		};
		3427ACD527D47DE40062F749 /* Controller */ = {
			isa = PBXGroup;
			children = (
				34F449B927F5F68800CC4922 /* Profile */,
				34F449C227F5F82700CC4922 /* ConversationsList */,
				340E969128086759008A1F9B /* Conversation */,
				34157F3E281183A40022EB2F /* Themes */,
				34108281281DB395008BD1D4 /* PhotoSelection */,
			);
			path = Controller;
			sourceTree = "<group>";
		};
		3427ACD627D47E6A0062F749 /* Supporting files */ = {
			isa = PBXGroup;
			children = (
				34ACCFE527C4AAEB00535096 /* AppDelegate.swift */,
				34F449B227F4388200CC4922 /* GoogleService-Info.plist */,
				34ACCFF327C4AAEC00535096 /* Info.plist */,
			);
			path = "Supporting files";
			sourceTree = "<group>";
		};
		3427ACD727D47E8C0062F749 /* Resources */ = {
			isa = PBXGroup;
			children = (
				342CCCD22816B3590099B067 /* FileNames.swift */,
				34ACCFEE27C4AAEC00535096 /* Assets.xcassets */,
			);
			path = Resources;
			sourceTree = "<group>";
		};
		342CCCCC28167ED10099B067 /* Profile */ = {
			isa = PBXGroup;
			children = (
				34ACCFEB27C4AAEB00535096 /* Profile.storyboard */,
				342CCCCA281676A30099B067 /* ProfileView.swift */,
				34E049A827D088E9009BA6AB /* CustomNavigationBar.swift */,
			);
			path = Profile;
			sourceTree = "<group>";
		};
		342CCCCD28167EE90099B067 /* Themes */ = {
			isa = PBXGroup;
			children = (
				342D524E27E3B1730075C42B /* Themes.storyboard */,
				346A55D12817193300349718 /* ThemesView.swift */,
			);
			path = Themes;
			sourceTree = "<group>";
		};
		342CCCCE28167F000099B067 /* Conversation */ = {
			isa = PBXGroup;
			children = (
				3427ACED27D88CA80062F749 /* ChatMessageCell.swift */,
				34AC5A3A281C49B300793BF2 /* ChatPhotoCell.swift */,
				34AC5A3C281C70A900793BF2 /* ChatPhotoCell.xib */,
				3427ACF927D94D000062F749 /* EnterMessageView.xib */,
				3427ACFB27D9C2B10062F749 /* EnterMessageView.swift */,
				342CCCD62816BE1B0099B067 /* ConversationView.swift */,
			);
			path = Conversation;
			sourceTree = "<group>";
		};
		342CCCCF28167F0A0099B067 /* ConversationsList */ = {
			isa = PBXGroup;
			children = (
				3427ACDE27D48AAD0062F749 /* ConversationTableViewCell.xib */,
				3427ACDC27D48A980062F749 /* ConversationTableViewCell.swift */,
				342CCCD02816A2110099B067 /* ConversationsListView.swift */,
			);
			path = ConversationsList;
			sourceTree = "<group>";
		};
		34449AE127FEA382002763CD /* Logging */ = {
			isa = PBXGroup;
			children = (
				34449AE427FEA41F002763CD /* Logger.swift */,
				34449AE627FEFBDB002763CD /* StringConvertableProtocol.swift */,
			);
			path = Logging;
			sourceTree = "<group>";
		};
		3460338327EC232400962579 /* Memory */ = {
			isa = PBXGroup;
			children = (
				34E877A127FC3BEF0018CCC7 /* CoreData */,
				34E877A027FC3BB20018CCC7 /* GCD */,
			);
			path = Memory;
			sourceTree = "<group>";
		};
		34630D4A281752A900210249 /* Service Layer */ = {
			isa = PBXGroup;
			children = (
				34630D562817713300210249 /* Firebase */,
				3460338327EC232400962579 /* Memory */,
				34449AE127FEA382002763CD /* Logging */,
				34157F3D28114C890022EB2F /* Theme */,
			);
			path = "Service Layer";
			sourceTree = "<group>";
		};
		34630D4B281752F300210249 /* Core Layer */ = {
			isa = PBXGroup;
			children = (
				3460337D27EC225A00962579 /* WorkingWithMemoryError.swift */,
				34630D4C2817531500210249 /* CoreData */,
				34630D4D281753B100210249 /* GCD */,
			);
			path = "Core Layer";
			sourceTree = "<group>";
		};
		34630D4C2817531500210249 /* CoreData */ = {
			isa = PBXGroup;
			children = (
				34E8779D27FC3B720018CCC7 /* Chat.xcdatamodeld */,
				34E877A627FCB17C0018CCC7 /* CoreDataServiceProtocol.swift */,
				34E877A427FC7EB40018CCC7 /* NewCoreDataService.swift */,
				34449AEA28000C9D002763CD /* NSManagedObject + Extension.swift */,
			);
			path = CoreData;
			sourceTree = "<group>";
		};
		34630D4D281753B100210249 /* GCD */ = {
			isa = PBXGroup;
			children = (
				34FC31F927EEDBE100A1D137 /* MemoryManagerInterfaceProtocol.swift */,
				34630D4E2817550F00210249 /* GCDMemoryManagerInterface.swift */,
				3460337427EB6A0F00962579 /* GCDMemoryManager.swift */,
				3460337F27EC22E500962579 /* Writer.swift */,
				3460338127EC231100962579 /* Reader.swift */,
				34FC31F727EE2C3400A1D137 /* URL+Extensions.swift */,
			);
			path = GCD;
			sourceTree = "<group>";
		};
		34630D562817713300210249 /* Firebase */ = {
			isa = PBXGroup;
			children = (
				34630D572817714200210249 /* FirebaseChannelsService.swift */,
				34630D5928177A3400210249 /* FirebaseMessagesService.swift */,
			);
			path = Firebase;
			sourceTree = "<group>";
		};
		346A55D328174A6D00349718 /* Presentation Layer */ = {
			isa = PBXGroup;
			children = (
				3427ACD327D47DC20062F749 /* Model */,
				3427ACD427D47DCE0062F749 /* View */,
				3427ACD527D47DE40062F749 /* Controller */,
			);
			path = "Presentation Layer";
			sourceTree = "<group>";
		};
		3475454B281FA7E6003BD875 /* Animation */ = {
			isa = PBXGroup;
			children = (
				34754549281FA291003BD875 /* UIView + ShakingAnimation.swift */,
				3475454C281FA8B7003BD875 /* BrandParticleAnimation.swift */,
				3475455F28219A7C003BD875 /* CustomSlideTransitionViewController.swift */,
				34754563282297FB003BD875 /* CircleTransitionViewController.swift */,
				34EE98722822C0E4000A3208 /* CircleInteractiveTransition.swift */,
			);
			path = Animation;
			sourceTree = "<group>";
		};
		34AC5A0F281AEBA500793BF2 /* Network Layer */ = {
			isa = PBXGroup;
			children = (
				34AC5A43281CEF7800793BF2 /* Request */,
				34AC5A42281CEF2600793BF2 /* Parsing */,
				34AC5A45281CEFF800793BF2 /* SendingRequest */,
				34AC5A44281CEFD500793BF2 /* Providers */,
				34AC5A46281CF02100793BF2 /* Error */,
			);
			path = "Network Layer";
			sourceTree = "<group>";
		};
		34AC5A42281CEF2600793BF2 /* Parsing */ = {
			isa = PBXGroup;
			children = (
				34AC5A03281ABB4800793BF2 /* IParser.swift */,
				34AC5A0B281AC7D200793BF2 /* ApiImageParser.swift */,
				34AC5A3E281CE5CA00793BF2 /* ImageParser.swift */,
			);
			path = Parsing;
			sourceTree = "<group>";
		};
		34AC5A43281CEF7800793BF2 /* Request */ = {
			isa = PBXGroup;
			children = (
				34AC5A01281ABB1500793BF2 /* IRequest.swift */,
				34AC5A36281BC1BE00793BF2 /* GetImagesRequest.swift */,
				34AC5A40281CE6BD00793BF2 /* GetImageRequest.swift */,
			);
			path = Request;
			sourceTree = "<group>";
		};
		34AC5A44281CEFD500793BF2 /* Providers */ = {
			isa = PBXGroup;
			children = (
				34AC5A32281B209400793BF2 /* URLProvider.swift */,
			);
			path = Providers;
			sourceTree = "<group>";
		};
		34AC5A45281CEFF800793BF2 /* SendingRequest */ = {
			isa = PBXGroup;
			children = (
				34AC5A34281B243D00793BF2 /* RequestsFactory.swift */,
				34AC5A07281AC52E00793BF2 /* RequestConfig.swift */,
				34AC5A09281AC57400793BF2 /* IRequestSender.swift */,
				34AC5A0D281AC8A700793BF2 /* RequestSender.swift */,
			);
			path = SendingRequest;
			sourceTree = "<group>";
		};
		34AC5A46281CF02100793BF2 /* Error */ = {
			isa = PBXGroup;
			children = (
				34AC5A05281ABBD200793BF2 /* NetworkError.swift */,
			);
			path = Error;
			sourceTree = "<group>";
		};
		34ACCFD927C4AAEA00535096 = {
			isa = PBXGroup;
			children = (
				3471068C2838B858001EE998 /* ChatAppConfig.xcconfig */,
				34254A4F28326F4000AC18B9 /* TestPlans */,
				34ACCFE427C4AAEB00535096 /* ChatApp */,
				34187FEC2830E40700650377 /* ChatAppUnitTests */,
				34EA6E44283213DE006F664A /* ChatAppUITests */,
				34ACCFE327C4AAEB00535096 /* Products */,
				048148419BA67DD0B2CB7746 /* Pods */,
				1EF06D359F4881ED715F3DC0 /* Frameworks */,
			);
			sourceTree = "<group>";
		};
		34ACCFE327C4AAEB00535096 /* Products */ = {
			isa = PBXGroup;
			children = (
				34ACCFE227C4AAEB00535096 /* ChatApp.app */,
				34187FEB2830E40700650377 /* ChatAppUnitTests.xctest */,
				34EA6E43283213DE006F664A /* ChatAppUITests.xctest */,
			);
			name = Products;
			sourceTree = "<group>";
		};
		34ACCFE427C4AAEB00535096 /* ChatApp */ = {
			isa = PBXGroup;
			children = (
				346A55D328174A6D00349718 /* Presentation Layer */,
				34630D4A281752A900210249 /* Service Layer */,
				34AC5A0F281AEBA500793BF2 /* Network Layer */,
				34630D4B281752F300210249 /* Core Layer */,
				3427ACD727D47E8C0062F749 /* Resources */,
				3427ACD627D47E6A0062F749 /* Supporting files */,
			);
			path = ChatApp;
			sourceTree = "<group>";
		};
		34E877A027FC3BB20018CCC7 /* GCD */ = {
			isa = PBXGroup;
			children = (
				34EA6E3D28314DB1006F664A /* SavingServiceProtocol.swift */,
				34630D5B281786CB00210249 /* SavingService.swift */,
				34EA6E3B28312590006F664A /* SavingServiceAssembly.swift */,
			);
			path = GCD;
			sourceTree = "<group>";
		};
		34E877A127FC3BEF0018CCC7 /* CoreData */ = {
			isa = PBXGroup;
			children = (
				34630D5028175E0100210249 /* CoreDataServiceForChannels.swift */,
				34630D5228175E2300210249 /* CoreDataServiceForMessages.swift */,
				34187FF72830E48900650377 /* CoreDataServiceAssembly.swift */,
			);
			path = CoreData;
			sourceTree = "<group>";
		};
		34EA6E3628310896006F664A /* GCD */ = {
			isa = PBXGroup;
			children = (
				34EA6E37283108AE006F664A /* UserSavingServiceTests.swift */,
			);
			path = GCD;
			sourceTree = "<group>";
		};
		34EA6E44283213DE006F664A /* ChatAppUITests */ = {
			isa = PBXGroup;
			children = (
				34254A4D283261A100AC18B9 /* Profile */,
			);
			path = ChatAppUITests;
			sourceTree = "<group>";
		};
		34F449B927F5F68800CC4922 /* Profile */ = {
			isa = PBXGroup;
			children = (
				34ACCFE927C4AAEB00535096 /* ProfileViewController.swift */,
				34F449B727F5F5A300CC4922 /* ProfileViewController + UITextExtensions.swift */,
				34F449B527F5F45600CC4922 /* ProfileViewController + ImageExtensions.swift */,
			);
			path = Profile;
			sourceTree = "<group>";
		};
		34F449C227F5F82700CC4922 /* ConversationsList */ = {
			isa = PBXGroup;
			children = (
				3427ACD127D478DF0062F749 /* ConversationsListViewController.swift */,
				34EE98702822ADCC000A3208 /* ConversationsListViewController + UIViewControllerTransitioningDelegate.swift */,
				3475455D282199D2003BD875 /* ConversationsListViewController + UINavigationControllerDelegate.swift */,
				34F449BC27F5F77A00CC4922 /* ConversationsListViewController + UITableViewExtensions.swift */,
				340E968D28083331008A1F9B /* ConversationsListViewController + NSFetchedResultsControllerDelegate.swift */,
				340E968B2808323D008A1F9B /* ConversationsListViewController + UITextFieldDelegate.swift */,
				34F449C027F5F80100CC4922 /* UIImage + Extensions.swift */,
			);
			path = ConversationsList;
			sourceTree = "<group>";
		};
/* End PBXGroup section */

/* Begin PBXNativeTarget section */
		34187FEA2830E40700650377 /* ChatAppUnitTests */ = {
			isa = PBXNativeTarget;
			buildConfigurationList = 34187FF32830E40700650377 /* Build configuration list for PBXNativeTarget "ChatAppUnitTests" */;
			buildPhases = (
				34187FE72830E40700650377 /* Sources */,
				34187FE82830E40700650377 /* Frameworks */,
				34187FE92830E40700650377 /* Resources */,
			);
			buildRules = (
			);
			dependencies = (
				34187FF02830E40700650377 /* PBXTargetDependency */,
			);
			name = ChatAppUnitTests;
			productName = ChatAppUnitTests;
			productReference = 34187FEB2830E40700650377 /* ChatAppUnitTests.xctest */;
			productType = "com.apple.product-type.bundle.unit-test";
		};
		34ACCFE127C4AAEA00535096 /* ChatApp */ = {
			isa = PBXNativeTarget;
			buildConfigurationList = 34ACCFF627C4AAEC00535096 /* Build configuration list for PBXNativeTarget "ChatApp" */;
			buildPhases = (
				34F449B427F5DF4200CC4922 /* ShellScript */,
				BA40B830A29C6EBD63A1827A /* [CP] Check Pods Manifest.lock */,
				34ACCFDE27C4AAEA00535096 /* Sources */,
				34ACCFDF27C4AAEA00535096 /* Frameworks */,
				34ACCFE027C4AAEA00535096 /* Resources */,
				32AC9D13CADD3139152C0CBB /* [CP] Embed Pods Frameworks */,
			);
			buildRules = (
			);
			dependencies = (
			);
			name = ChatApp;
			productName = ChatApp;
			productReference = 34ACCFE227C4AAEB00535096 /* ChatApp.app */;
			productType = "com.apple.product-type.application";
		};
		34EA6E42283213DE006F664A /* ChatAppUITests */ = {
			isa = PBXNativeTarget;
			buildConfigurationList = 34EA6E4B283213DE006F664A /* Build configuration list for PBXNativeTarget "ChatAppUITests" */;
			buildPhases = (
				34EA6E3F283213DE006F664A /* Sources */,
				34EA6E40283213DE006F664A /* Frameworks */,
				34EA6E41283213DE006F664A /* Resources */,
			);
			buildRules = (
			);
			dependencies = (
				34EA6E4A283213DE006F664A /* PBXTargetDependency */,
			);
			name = ChatAppUITests;
			productName = ChatAppUITests;
			productReference = 34EA6E43283213DE006F664A /* ChatAppUITests.xctest */;
			productType = "com.apple.product-type.bundle.ui-testing";
		};
/* End PBXNativeTarget section */

/* Begin PBXProject section */
		34ACCFDA27C4AAEA00535096 /* Project object */ = {
			isa = PBXProject;
			attributes = {
				BuildIndependentTargetsInParallel = 1;
				LastSwiftUpdateCheck = 1320;
				LastUpgradeCheck = 1320;
				TargetAttributes = {
					34187FEA2830E40700650377 = {
						CreatedOnToolsVersion = 13.2.1;
						TestTargetID = 34ACCFE127C4AAEA00535096;
					};
					34ACCFE127C4AAEA00535096 = {
						CreatedOnToolsVersion = 13.2.1;
					};
					34EA6E42283213DE006F664A = {
						CreatedOnToolsVersion = 13.2.1;
						TestTargetID = 34ACCFE127C4AAEA00535096;
					};
				};
			};
			buildConfigurationList = 34ACCFDD27C4AAEA00535096 /* Build configuration list for PBXProject "ChatApp" */;
			compatibilityVersion = "Xcode 13.0";
			developmentRegion = en;
			hasScannedForEncodings = 0;
			knownRegions = (
				en,
				Base,
			);
			mainGroup = 34ACCFD927C4AAEA00535096;
			productRefGroup = 34ACCFE327C4AAEB00535096 /* Products */;
			projectDirPath = "";
			projectRoot = "";
			targets = (
				34ACCFE127C4AAEA00535096 /* ChatApp */,
				34187FEA2830E40700650377 /* ChatAppUnitTests */,
				34EA6E42283213DE006F664A /* ChatAppUITests */,
			);
		};
/* End PBXProject section */

/* Begin PBXResourcesBuildPhase section */
		34187FE92830E40700650377 /* Resources */ = {
			isa = PBXResourcesBuildPhase;
			buildActionMask = 2147483647;
			files = (
			);
			runOnlyForDeploymentPostprocessing = 0;
		};
		34ACCFE027C4AAEA00535096 /* Resources */ = {
			isa = PBXResourcesBuildPhase;
			buildActionMask = 2147483647;
			files = (
				34AC5A00281AA2A400793BF2 /* PhotoCell.xib in Resources */,
				34AC5A3D281C70A900793BF2 /* ChatPhotoCell.xib in Resources */,
				3427ACFA27D94D000062F749 /* EnterMessageView.xib in Resources */,
				3427ACDF27D48AAD0062F749 /* ConversationTableViewCell.xib in Resources */,
				342D524F27E3B1730075C42B /* Themes.storyboard in Resources */,
				34ACCFF227C4AAEC00535096 /* LaunchScreen.storyboard in Resources */,
				34ACCFEF27C4AAEC00535096 /* Assets.xcassets in Resources */,
				34ACCFED27C4AAEB00535096 /* Profile.storyboard in Resources */,
				34F449B327F4388200CC4922 /* GoogleService-Info.plist in Resources */,
			);
			runOnlyForDeploymentPostprocessing = 0;
		};
		34EA6E41283213DE006F664A /* Resources */ = {
			isa = PBXResourcesBuildPhase;
			buildActionMask = 2147483647;
			files = (
			);
			runOnlyForDeploymentPostprocessing = 0;
		};
/* End PBXResourcesBuildPhase section */

/* Begin PBXShellScriptBuildPhase section */
		32AC9D13CADD3139152C0CBB /* [CP] Embed Pods Frameworks */ = {
			isa = PBXShellScriptBuildPhase;
			buildActionMask = 2147483647;
			files = (
			);
			inputFileListPaths = (
				"${PODS_ROOT}/Target Support Files/Pods-ChatApp/Pods-ChatApp-frameworks-${CONFIGURATION}-input-files.xcfilelist",
			);
			name = "[CP] Embed Pods Frameworks";
			outputFileListPaths = (
				"${PODS_ROOT}/Target Support Files/Pods-ChatApp/Pods-ChatApp-frameworks-${CONFIGURATION}-output-files.xcfilelist",
			);
			runOnlyForDeploymentPostprocessing = 0;
			shellPath = /bin/sh;
			shellScript = "\"${PODS_ROOT}/Target Support Files/Pods-ChatApp/Pods-ChatApp-frameworks.sh\"\n";
			showEnvVarsInLog = 0;
		};
		34F449B427F5DF4200CC4922 /* ShellScript */ = {
			isa = PBXShellScriptBuildPhase;
			buildActionMask = 2147483647;
			files = (
			);
			inputFileListPaths = (
			);
			inputPaths = (
			);
			outputFileListPaths = (
			);
			outputPaths = (
			);
			runOnlyForDeploymentPostprocessing = 0;
			shellPath = /bin/sh;
			shellScript = "\"${PODS_ROOT}/SwiftLint/swiftlint\"\n";
		};
		BA40B830A29C6EBD63A1827A /* [CP] Check Pods Manifest.lock */ = {
			isa = PBXShellScriptBuildPhase;
			buildActionMask = 2147483647;
			files = (
			);
			inputFileListPaths = (
			);
			inputPaths = (
				"${PODS_PODFILE_DIR_PATH}/Podfile.lock",
				"${PODS_ROOT}/Manifest.lock",
			);
			name = "[CP] Check Pods Manifest.lock";
			outputFileListPaths = (
			);
			outputPaths = (
				"$(DERIVED_FILE_DIR)/Pods-ChatApp-checkManifestLockResult.txt",
			);
			runOnlyForDeploymentPostprocessing = 0;
			shellPath = /bin/sh;
			shellScript = "diff \"${PODS_PODFILE_DIR_PATH}/Podfile.lock\" \"${PODS_ROOT}/Manifest.lock\" > /dev/null\nif [ $? != 0 ] ; then\n    # print error to STDERR\n    echo \"error: The sandbox is not in sync with the Podfile.lock. Run 'pod install' or update your CocoaPods installation.\" >&2\n    exit 1\nfi\n# This output is used by Xcode 'outputs' to avoid re-running this script phase.\necho \"SUCCESS\" > \"${SCRIPT_OUTPUT_FILE_0}\"\n";
			showEnvVarsInLog = 0;
		};
/* End PBXShellScriptBuildPhase section */

/* Begin PBXSourcesBuildPhase section */
		34187FE72830E40700650377 /* Sources */ = {
			isa = PBXSourcesBuildPhase;
			buildActionMask = 2147483647;
			files = (
				34187FEE2830E40700650377 /* CoreDataServiceForChannelsTests.swift in Sources */,
				34EA6E38283108AE006F664A /* UserSavingServiceTests.swift in Sources */,
				34187FFB2830E59100650377 /* CoreDataStackMock.swift in Sources */,
				34EA6E3A283115CE006F664A /* GCDMemoryManagerInterfaceMock.swift in Sources */,
			);
			runOnlyForDeploymentPostprocessing = 0;
		};
		34ACCFDE27C4AAEA00535096 /* Sources */ = {
			isa = PBXSourcesBuildPhase;
			buildActionMask = 2147483647;
			files = (
				3427ACDD27D48A980062F749 /* ConversationTableViewCell.swift in Sources */,
				34EE98712822ADCC000A3208 /* ConversationsListViewController + UIViewControllerTransitioningDelegate.swift in Sources */,
				3475454F281FE45D003BD875 /* ConversationViewController + UIGestureRecognizerDelegate.swift in Sources */,
				34AC5A06281ABBD200793BF2 /* NetworkError.swift in Sources */,
				342CCCCB281676A30099B067 /* ProfileView.swift in Sources */,
				34157F38281120670022EB2F /* ThemeManager.swift in Sources */,
				34ACCFEA27C4AAEB00535096 /* ProfileViewController.swift in Sources */,
				34AC5A39281BFD6000793BF2 /* PhotoCell.swift in Sources */,
				3460337527EB6A0F00962579 /* GCDMemoryManager.swift in Sources */,
				34AC5A3F281CE5CA00793BF2 /* ImageParser.swift in Sources */,
				3427ACE827D61EBA0062F749 /* ConversationViewController.swift in Sources */,
				3460338027EC22E500962579 /* Writer.swift in Sources */,
				342D525127E3B21C0075C42B /* ThemesViewController.swift in Sources */,
				3427ACD927D47ED40062F749 /* Channel.swift in Sources */,
				34AC59FA281A6EAB00793BF2 /* PhotoSelectionViewController.swift in Sources */,
				34630D5A28177A3400210249 /* FirebaseMessagesService.swift in Sources */,
				34EA6E3E28314DB1006F664A /* SavingServiceProtocol.swift in Sources */,
				34F449B627F5F45600CC4922 /* ProfileViewController + ImageExtensions.swift in Sources */,
				34AC5A0A281AC57400793BF2 /* IRequestSender.swift in Sources */,
				34AC5A37281BC1BE00793BF2 /* GetImagesRequest.swift in Sources */,
				340E9697280868DC008A1F9B /* ConversationViewController + SendMessageMethods.swift in Sources */,
				340E9695280868AD008A1F9B /* ConversationViewController + UITableViewExtensions.swift in Sources */,
				34AC5A04281ABB4800793BF2 /* IParser.swift in Sources */,
				3427ACD227D478DF0062F749 /* ConversationsListViewController.swift in Sources */,
				34AC5A35281B243D00793BF2 /* RequestsFactory.swift in Sources */,
				34E877A727FCB17C0018CCC7 /* CoreDataServiceProtocol.swift in Sources */,
				34E877A527FC7EB40018CCC7 /* NewCoreDataService.swift in Sources */,
				34AC5A33281B209400793BF2 /* URLProvider.swift in Sources */,
				34754551281FF231003BD875 /* ThemesViewController + UIGestureRecognizerDelegate.swift in Sources */,
				340E969028086752008A1F9B /* ConversationViewController + NSFetchedResultsControllerDelegate.swift in Sources */,
				346A55D22817193300349718 /* ThemesView.swift in Sources */,
				34E049A927D088E9009BA6AB /* CustomNavigationBar.swift in Sources */,
				3475455E282199D2003BD875 /* ConversationsListViewController + UINavigationControllerDelegate.swift in Sources */,
				3427ACE627D610970062F749 /* User.swift in Sources */,
				34E8779F27FC3B720018CCC7 /* Chat.xcdatamodeld in Sources */,
				3427ACEE27D88CA80062F749 /* ChatMessageCell.swift in Sources */,
				34449AE527FEA41F002763CD /* Logger.swift in Sources */,
				3460337B27EC14BF00962579 /* ApplicationPreferences.swift in Sources */,
				3475454D281FA8B7003BD875 /* BrandParticleAnimation.swift in Sources */,
				3475456028219A7C003BD875 /* CustomSlideTransitionViewController.swift in Sources */,
				34449AE727FEFBDC002763CD /* StringConvertableProtocol.swift in Sources */,
				34157F3A28114B5D0022EB2F /* Themes.swift in Sources */,
				342CCCD32816B3590099B067 /* FileNames.swift in Sources */,
				3475454A281FA291003BD875 /* UIView + ShakingAnimation.swift in Sources */,
				34AC5A0E281AC8A700793BF2 /* RequestSender.swift in Sources */,
				34630D5C281786CB00210249 /* SavingService.swift in Sources */,
				34630D5128175E0100210249 /* CoreDataServiceForChannels.swift in Sources */,
				34108283281DB3E6008BD1D4 /* PhotoSelectionViewController + UICollectionViewExtensions.swift in Sources */,
				34FC31FA27EEDBE100A1D137 /* MemoryManagerInterfaceProtocol.swift in Sources */,
				34754564282297FB003BD875 /* CircleTransitionViewController.swift in Sources */,
				34AC5A0C281AC7D200793BF2 /* ApiImageParser.swift in Sources */,
				34630D5328175E2300210249 /* CoreDataServiceForMessages.swift in Sources */,
				34AC5A08281AC52E00793BF2 /* RequestConfig.swift in Sources */,
				34FC31F827EE2C3400A1D137 /* URL+Extensions.swift in Sources */,
				3427ACFC27D9C2B10062F749 /* EnterMessageView.swift in Sources */,
				342CCCD12816A2110099B067 /* ConversationsListView.swift in Sources */,
				34157F3C28114B8B0022EB2F /* ThemeSettings.swift in Sources */,
				34630D582817714200210249 /* FirebaseChannelsService.swift in Sources */,
				340E968E28083331008A1F9B /* ConversationsListViewController + NSFetchedResultsControllerDelegate.swift in Sources */,
				34EA6E3C28312591006F664A /* SavingServiceAssembly.swift in Sources */,
				34F449C127F5F80100CC4922 /* UIImage + Extensions.swift in Sources */,
				3460337E27EC225A00962579 /* WorkingWithMemoryError.swift in Sources */,
				3427ACF027D88FDE0062F749 /* Message.swift in Sources */,
				340E96932808685E008A1F9B /* KeyboardInfo.swift in Sources */,
				342CCCD72816BE1B0099B067 /* ConversationView.swift in Sources */,
				34AC5A02281ABB1500793BF2 /* IRequest.swift in Sources */,
				34ACCFE627C4AAEB00535096 /* AppDelegate.swift in Sources */,
				34AC5A41281CE6BD00793BF2 /* GetImageRequest.swift in Sources */,
				34F449BD27F5F77A00CC4922 /* ConversationsListViewController + UITableViewExtensions.swift in Sources */,
				34449AEB28000C9D002763CD /* NSManagedObject + Extension.swift in Sources */,
				34187FF82830E48900650377 /* CoreDataServiceAssembly.swift in Sources */,
				3460338227EC231100962579 /* Reader.swift in Sources */,
				34630D4F2817550F00210249 /* GCDMemoryManagerInterface.swift in Sources */,
				34F449B827F5F5A300CC4922 /* ProfileViewController + UITextExtensions.swift in Sources */,
				34AC59FC281A6EBC00793BF2 /* PhotoSelectionView.swift in Sources */,
				34AC5A3B281C49B300793BF2 /* ChatPhotoCell.swift in Sources */,
				340E968C2808323D008A1F9B /* ConversationsListViewController + UITextFieldDelegate.swift in Sources */,
				34EE98732822C0E4000A3208 /* CircleInteractiveTransition.swift in Sources */,
			);
			runOnlyForDeploymentPostprocessing = 0;
		};
		34EA6E3F283213DE006F664A /* Sources */ = {
			isa = PBXSourcesBuildPhase;
			buildActionMask = 2147483647;
			files = (
				34EA6E46283213DE006F664A /* ChatAppProfileUITests.swift in Sources */,
			);
			runOnlyForDeploymentPostprocessing = 0;
		};
/* End PBXSourcesBuildPhase section */

/* Begin PBXTargetDependency section */
		34187FF02830E40700650377 /* PBXTargetDependency */ = {
			isa = PBXTargetDependency;
			target = 34ACCFE127C4AAEA00535096 /* ChatApp */;
			targetProxy = 34187FEF2830E40700650377 /* PBXContainerItemProxy */;
		};
		34EA6E4A283213DE006F664A /* PBXTargetDependency */ = {
			isa = PBXTargetDependency;
			target = 34ACCFE127C4AAEA00535096 /* ChatApp */;
			targetProxy = 34EA6E49283213DE006F664A /* PBXContainerItemProxy */;
		};
/* End PBXTargetDependency section */

/* Begin PBXVariantGroup section */
		34ACCFEB27C4AAEB00535096 /* Profile.storyboard */ = {
			isa = PBXVariantGroup;
			children = (
				34ACCFEC27C4AAEB00535096 /* Base */,
			);
			name = Profile.storyboard;
			sourceTree = "<group>";
		};
		34ACCFF027C4AAEC00535096 /* LaunchScreen.storyboard */ = {
			isa = PBXVariantGroup;
			children = (
				34ACCFF127C4AAEC00535096 /* Base */,
			);
			name = LaunchScreen.storyboard;
			sourceTree = "<group>";
		};
/* End PBXVariantGroup section */

/* Begin XCBuildConfiguration section */
		34187FF12830E40700650377 /* Debug */ = {
			isa = XCBuildConfiguration;
			buildSettings = {
				BUNDLE_LOADER = "$(TEST_HOST)";
				CODE_SIGN_STYLE = Automatic;
				CURRENT_PROJECT_VERSION = 1;
				DEVELOPMENT_TEAM = "";
				GENERATE_INFOPLIST_FILE = YES;
				HEADER_SEARCH_PATHS = "${SRCROOT}/Pods/Firebase/CoreOnly/Sources";
				IPHONEOS_DEPLOYMENT_TARGET = 13.0;
				MARKETING_VERSION = 1.0;
				PRODUCT_BUNDLE_IDENTIFIER = shtanko.ekaterina.ChatAppUnitTests;
				PRODUCT_NAME = "$(TARGET_NAME)";
				SWIFT_EMIT_LOC_STRINGS = NO;
				SWIFT_VERSION = 5.0;
				TARGETED_DEVICE_FAMILY = 1;
				TEST_HOST = "$(BUILT_PRODUCTS_DIR)/ChatApp.app/ChatApp";
			};
			name = Debug;
		};
		34187FF22830E40700650377 /* Release */ = {
			isa = XCBuildConfiguration;
			buildSettings = {
				BUNDLE_LOADER = "$(TEST_HOST)";
				CODE_SIGN_STYLE = Automatic;
				CURRENT_PROJECT_VERSION = 1;
				DEVELOPMENT_TEAM = "";
				GENERATE_INFOPLIST_FILE = YES;
				HEADER_SEARCH_PATHS = "${SRCROOT}/Pods/Firebase/CoreOnly/Sources";
				IPHONEOS_DEPLOYMENT_TARGET = 13.0;
				MARKETING_VERSION = 1.0;
				PRODUCT_BUNDLE_IDENTIFIER = shtanko.ekaterina.ChatAppUnitTests;
				PRODUCT_NAME = "$(TARGET_NAME)";
				SWIFT_EMIT_LOC_STRINGS = NO;
				SWIFT_VERSION = 5.0;
				TARGETED_DEVICE_FAMILY = 1;
				TEST_HOST = "$(BUILT_PRODUCTS_DIR)/ChatApp.app/ChatApp";
			};
			name = Release;
		};
		34ACCFF427C4AAEC00535096 /* Debug */ = {
			isa = XCBuildConfiguration;
			baseConfigurationReference = 3471068C2838B858001EE998 /* ChatAppConfig.xcconfig */;
			buildSettings = {
				ALWAYS_SEARCH_USER_PATHS = NO;
				CLANG_ANALYZER_NONNULL = YES;
				CLANG_ANALYZER_NUMBER_OBJECT_CONVERSION = YES_AGGRESSIVE;
				CLANG_CXX_LANGUAGE_STANDARD = "gnu++17";
				CLANG_CXX_LIBRARY = "libc++";
				CLANG_ENABLE_MODULES = YES;
				CLANG_ENABLE_OBJC_ARC = YES;
				CLANG_ENABLE_OBJC_WEAK = YES;
				CLANG_WARN_BLOCK_CAPTURE_AUTORELEASING = YES;
				CLANG_WARN_BOOL_CONVERSION = YES;
				CLANG_WARN_COMMA = YES;
				CLANG_WARN_CONSTANT_CONVERSION = YES;
				CLANG_WARN_DEPRECATED_OBJC_IMPLEMENTATIONS = YES;
				CLANG_WARN_DIRECT_OBJC_ISA_USAGE = YES_ERROR;
				CLANG_WARN_DOCUMENTATION_COMMENTS = YES;
				CLANG_WARN_EMPTY_BODY = YES;
				CLANG_WARN_ENUM_CONVERSION = YES;
				CLANG_WARN_INFINITE_RECURSION = YES;
				CLANG_WARN_INT_CONVERSION = YES;
				CLANG_WARN_NON_LITERAL_NULL_CONVERSION = YES;
				CLANG_WARN_OBJC_IMPLICIT_RETAIN_SELF = YES;
				CLANG_WARN_OBJC_LITERAL_CONVERSION = YES;
				CLANG_WARN_OBJC_ROOT_CLASS = YES_ERROR;
				CLANG_WARN_QUOTED_INCLUDE_IN_FRAMEWORK_HEADER = YES;
				CLANG_WARN_RANGE_LOOP_ANALYSIS = YES;
				CLANG_WARN_STRICT_PROTOTYPES = YES;
				CLANG_WARN_SUSPICIOUS_MOVE = YES;
				CLANG_WARN_UNGUARDED_AVAILABILITY = YES_AGGRESSIVE;
				CLANG_WARN_UNREACHABLE_CODE = YES;
				CLANG_WARN__DUPLICATE_METHOD_MATCH = YES;
				COPY_PHASE_STRIP = NO;
				DEBUG_INFORMATION_FORMAT = dwarf;
				ENABLE_STRICT_OBJC_MSGSEND = YES;
				ENABLE_TESTABILITY = YES;
				GCC_C_LANGUAGE_STANDARD = gnu11;
				GCC_DYNAMIC_NO_PIC = NO;
				GCC_NO_COMMON_BLOCKS = YES;
				GCC_OPTIMIZATION_LEVEL = 0;
				GCC_PREPROCESSOR_DEFINITIONS = (
					"DEBUG=1",
					"$(inherited)",
				);
				GCC_WARN_64_TO_32_BIT_CONVERSION = YES;
				GCC_WARN_ABOUT_RETURN_TYPE = YES_ERROR;
				GCC_WARN_UNDECLARED_SELECTOR = YES;
				GCC_WARN_UNINITIALIZED_AUTOS = YES_AGGRESSIVE;
				GCC_WARN_UNUSED_FUNCTION = YES;
				GCC_WARN_UNUSED_VARIABLE = YES;
				IPHONEOS_DEPLOYMENT_TARGET = 13.0;
				MTL_ENABLE_DEBUG_INFO = INCLUDE_SOURCE;
				MTL_FAST_MATH = YES;
				ONLY_ACTIVE_ARCH = YES;
				SDKROOT = iphoneos;
				SWIFT_ACTIVE_COMPILATION_CONDITIONS = DEBUG;
				SWIFT_OPTIMIZATION_LEVEL = "-Onone";
			};
			name = Debug;
		};
		34ACCFF527C4AAEC00535096 /* Release */ = {
			isa = XCBuildConfiguration;
			buildSettings = {
				ALWAYS_SEARCH_USER_PATHS = NO;
				CLANG_ANALYZER_NONNULL = YES;
				CLANG_ANALYZER_NUMBER_OBJECT_CONVERSION = YES_AGGRESSIVE;
				CLANG_CXX_LANGUAGE_STANDARD = "gnu++17";
				CLANG_CXX_LIBRARY = "libc++";
				CLANG_ENABLE_MODULES = YES;
				CLANG_ENABLE_OBJC_ARC = YES;
				CLANG_ENABLE_OBJC_WEAK = YES;
				CLANG_WARN_BLOCK_CAPTURE_AUTORELEASING = YES;
				CLANG_WARN_BOOL_CONVERSION = YES;
				CLANG_WARN_COMMA = YES;
				CLANG_WARN_CONSTANT_CONVERSION = YES;
				CLANG_WARN_DEPRECATED_OBJC_IMPLEMENTATIONS = YES;
				CLANG_WARN_DIRECT_OBJC_ISA_USAGE = YES_ERROR;
				CLANG_WARN_DOCUMENTATION_COMMENTS = YES;
				CLANG_WARN_EMPTY_BODY = YES;
				CLANG_WARN_ENUM_CONVERSION = YES;
				CLANG_WARN_INFINITE_RECURSION = YES;
				CLANG_WARN_INT_CONVERSION = YES;
				CLANG_WARN_NON_LITERAL_NULL_CONVERSION = YES;
				CLANG_WARN_OBJC_IMPLICIT_RETAIN_SELF = YES;
				CLANG_WARN_OBJC_LITERAL_CONVERSION = YES;
				CLANG_WARN_OBJC_ROOT_CLASS = YES_ERROR;
				CLANG_WARN_QUOTED_INCLUDE_IN_FRAMEWORK_HEADER = YES;
				CLANG_WARN_RANGE_LOOP_ANALYSIS = YES;
				CLANG_WARN_STRICT_PROTOTYPES = YES;
				CLANG_WARN_SUSPICIOUS_MOVE = YES;
				CLANG_WARN_UNGUARDED_AVAILABILITY = YES_AGGRESSIVE;
				CLANG_WARN_UNREACHABLE_CODE = YES;
				CLANG_WARN__DUPLICATE_METHOD_MATCH = YES;
				COPY_PHASE_STRIP = NO;
				DEBUG_INFORMATION_FORMAT = "dwarf-with-dsym";
				ENABLE_NS_ASSERTIONS = NO;
				ENABLE_STRICT_OBJC_MSGSEND = YES;
				GCC_C_LANGUAGE_STANDARD = gnu11;
				GCC_NO_COMMON_BLOCKS = YES;
				GCC_WARN_64_TO_32_BIT_CONVERSION = YES;
				GCC_WARN_ABOUT_RETURN_TYPE = YES_ERROR;
				GCC_WARN_UNDECLARED_SELECTOR = YES;
				GCC_WARN_UNINITIALIZED_AUTOS = YES_AGGRESSIVE;
				GCC_WARN_UNUSED_FUNCTION = YES;
				GCC_WARN_UNUSED_VARIABLE = YES;
				IPHONEOS_DEPLOYMENT_TARGET = 13.0;
				MTL_ENABLE_DEBUG_INFO = NO;
				MTL_FAST_MATH = YES;
				SDKROOT = iphoneos;
				SWIFT_COMPILATION_MODE = wholemodule;
				SWIFT_OPTIMIZATION_LEVEL = "-O";
				VALIDATE_PRODUCT = YES;
			};
			name = Release;
		};
		34ACCFF727C4AAEC00535096 /* Debug */ = {
			isa = XCBuildConfiguration;
			baseConfigurationReference = 2652A65FEBBB38E600F11A91 /* Pods-ChatApp.debug.xcconfig */;
			buildSettings = {
				ASSETCATALOG_COMPILER_APPICON_NAME = AppIcon;
				ASSETCATALOG_COMPILER_GLOBAL_ACCENT_COLOR_NAME = AccentColor;
				CODE_SIGN_STYLE = Automatic;
				CURRENT_PROJECT_VERSION = 1;
				DEVELOPMENT_TEAM = "";
				GENERATE_INFOPLIST_FILE = YES;
				INFOPLIST_FILE = "ChatApp/Supporting files/Info.plist";
				INFOPLIST_KEY_NSCameraUsageDescription = "This app requires access to your camera so that you can take a picture as your profile picture.";
				INFOPLIST_KEY_NSPhotoLibraryUsageDescription = "This app requires access to your photo library so that you can select your profile picture.";
				INFOPLIST_KEY_UIApplicationSupportsIndirectInputEvents = YES;
				INFOPLIST_KEY_UILaunchStoryboardName = LaunchScreen;
				INFOPLIST_KEY_UIStatusBarHidden = NO;
				INFOPLIST_KEY_UISupportedInterfaceOrientations = UIInterfaceOrientationPortrait;
				INFOPLIST_KEY_UISupportedInterfaceOrientations_iPhone = UIInterfaceOrientationPortrait;
				IPHONEOS_DEPLOYMENT_TARGET = 13.0;
				LD_RUNPATH_SEARCH_PATHS = (
					"$(inherited)",
					"@executable_path/Frameworks",
				);
				MARKETING_VERSION = 1.0;
				PRODUCT_BUNDLE_IDENTIFIER = ru.tinkoff.TinkoffChat;
				PRODUCT_NAME = "$(TARGET_NAME)";
				SWIFT_EMIT_LOC_STRINGS = YES;
				SWIFT_VERSION = 5.0;
				TARGETED_DEVICE_FAMILY = 1;
			};
			name = Debug;
		};
		34ACCFF827C4AAEC00535096 /* Release */ = {
			isa = XCBuildConfiguration;
			baseConfigurationReference = 81A7A8E9309DDCB6906E8932 /* Pods-ChatApp.release.xcconfig */;
			buildSettings = {
				ASSETCATALOG_COMPILER_APPICON_NAME = AppIcon;
				ASSETCATALOG_COMPILER_GLOBAL_ACCENT_COLOR_NAME = AccentColor;
				CODE_SIGN_STYLE = Automatic;
				CURRENT_PROJECT_VERSION = 1;
				DEVELOPMENT_TEAM = "";
				GENERATE_INFOPLIST_FILE = YES;
				INFOPLIST_FILE = "ChatApp/Supporting files/Info.plist";
				INFOPLIST_KEY_NSCameraUsageDescription = "This app requires access to your camera so that you can take a picture as your profile picture.";
				INFOPLIST_KEY_NSPhotoLibraryUsageDescription = "This app requires access to your photo library so that you can select your profile picture.";
				INFOPLIST_KEY_UIApplicationSupportsIndirectInputEvents = YES;
				INFOPLIST_KEY_UILaunchStoryboardName = LaunchScreen;
				INFOPLIST_KEY_UIStatusBarHidden = NO;
				INFOPLIST_KEY_UISupportedInterfaceOrientations = UIInterfaceOrientationPortrait;
				INFOPLIST_KEY_UISupportedInterfaceOrientations_iPhone = UIInterfaceOrientationPortrait;
				IPHONEOS_DEPLOYMENT_TARGET = 13.0;
				LD_RUNPATH_SEARCH_PATHS = (
					"$(inherited)",
					"@executable_path/Frameworks",
				);
				MARKETING_VERSION = 1.0;
				PRODUCT_BUNDLE_IDENTIFIER = ru.tinkoff.TinkoffChat;
				PRODUCT_NAME = "$(TARGET_NAME)";
				SWIFT_EMIT_LOC_STRINGS = YES;
				SWIFT_VERSION = 5.0;
				TARGETED_DEVICE_FAMILY = 1;
			};
			name = Release;
		};
		34EA6E4C283213DE006F664A /* Debug */ = {
			isa = XCBuildConfiguration;
			buildSettings = {
				CODE_SIGN_STYLE = Automatic;
				CURRENT_PROJECT_VERSION = 1;
				DEVELOPMENT_TEAM = LNN66QAR2T;
				GENERATE_INFOPLIST_FILE = YES;
				IPHONEOS_DEPLOYMENT_TARGET = 13.0;
				MARKETING_VERSION = 1.0;
				PRODUCT_BUNDLE_IDENTIFIER = shtanko.ekaterina.ChatAppUITests;
				PRODUCT_NAME = "$(TARGET_NAME)";
				SWIFT_EMIT_LOC_STRINGS = NO;
				SWIFT_VERSION = 5.0;
				TARGETED_DEVICE_FAMILY = 1;
				TEST_TARGET_NAME = ChatApp;
			};
			name = Debug;
		};
		34EA6E4D283213DE006F664A /* Release */ = {
			isa = XCBuildConfiguration;
			buildSettings = {
				CODE_SIGN_STYLE = Automatic;
				CURRENT_PROJECT_VERSION = 1;
				DEVELOPMENT_TEAM = LNN66QAR2T;
				GENERATE_INFOPLIST_FILE = YES;
				IPHONEOS_DEPLOYMENT_TARGET = 13.0;
				MARKETING_VERSION = 1.0;
				PRODUCT_BUNDLE_IDENTIFIER = shtanko.ekaterina.ChatAppUITests;
				PRODUCT_NAME = "$(TARGET_NAME)";
				SWIFT_EMIT_LOC_STRINGS = NO;
				SWIFT_VERSION = 5.0;
				TARGETED_DEVICE_FAMILY = 1;
				TEST_TARGET_NAME = ChatApp;
			};
			name = Release;
		};
/* End XCBuildConfiguration section */

/* Begin XCConfigurationList section */
		34187FF32830E40700650377 /* Build configuration list for PBXNativeTarget "ChatAppUnitTests" */ = {
			isa = XCConfigurationList;
			buildConfigurations = (
				34187FF12830E40700650377 /* Debug */,
				34187FF22830E40700650377 /* Release */,
			);
			defaultConfigurationIsVisible = 0;
			defaultConfigurationName = Release;
		};
		34ACCFDD27C4AAEA00535096 /* Build configuration list for PBXProject "ChatApp" */ = {
			isa = XCConfigurationList;
			buildConfigurations = (
				34ACCFF427C4AAEC00535096 /* Debug */,
				34ACCFF527C4AAEC00535096 /* Release */,
			);
			defaultConfigurationIsVisible = 0;
			defaultConfigurationName = Release;
		};
		34ACCFF627C4AAEC00535096 /* Build configuration list for PBXNativeTarget "ChatApp" */ = {
			isa = XCConfigurationList;
			buildConfigurations = (
				34ACCFF727C4AAEC00535096 /* Debug */,
				34ACCFF827C4AAEC00535096 /* Release */,
			);
			defaultConfigurationIsVisible = 0;
			defaultConfigurationName = Release;
		};
		34EA6E4B283213DE006F664A /* Build configuration list for PBXNativeTarget "ChatAppUITests" */ = {
			isa = XCConfigurationList;
			buildConfigurations = (
				34EA6E4C283213DE006F664A /* Debug */,
				34EA6E4D283213DE006F664A /* Release */,
			);
			defaultConfigurationIsVisible = 0;
			defaultConfigurationName = Release;
		};
/* End XCConfigurationList section */

/* Begin XCVersionGroup section */
		34E8779D27FC3B720018CCC7 /* Chat.xcdatamodeld */ = {
			isa = XCVersionGroup;
			children = (
				34E8779E27FC3B720018CCC7 /* Chat.xcdatamodel */,
			);
			currentVersion = 34E8779E27FC3B720018CCC7 /* Chat.xcdatamodel */;
			path = Chat.xcdatamodeld;
			sourceTree = "<group>";
			versionGroupType = wrapper.xcdatamodel;
		};
/* End XCVersionGroup section */
	};
	rootObject = 34ACCFDA27C4AAEA00535096 /* Project object */;
}
